
Microsoft Visual Studio Solution File, Format Version 12.00
# Visual Studio Version 17
VisualStudioVersion = 17.0.32014.148
MinimumVisualStudioVersion = 10.0.40219.1
Project("{FAE04EC0-301F-11D3-BF4B-00C04F79EFBC}") = "prob10_Get the Index of String", "prob10_Get the Index of String.csproj", "{B269A978-A015-4582-A326-2787F168B817}"
EndProject
Global
	GlobalSection(SolutionConfigurationPlatforms) = preSolution
		Debug|Any CPU = Debug|Any CPU
		Release|Any CPU = Release|Any CPU
	EndGlobalSection
	GlobalSection(ProjectConfigurationPlatforms) = postSolution
		{B269A978-A015-4582-A326-2787F168B817}.Debug|Any CPU.ActiveCfg = Debug|Any CPU
		{B269A978-A015-4582-A326-2787F168B817}.Debug|Any CPU.Build.0 = Debug|Any CPU
		{B269A978-A015-4582-A326-2787F168B817}.Release|Any CPU.ActiveCfg = Release|Any CPU
		{B269A978-A015-4582-A326-2787F168B817}.Release|Any CPU.Build.0 = Release|Any CPU
	EndGlobalSection
	GlobalSection(SolutionProperties) = preSolution
		HideSolutionNode = FALSE
	EndGlobalSection
	GlobalSection(ExtensibilityGlobals) = postSolution
		SolutionGuid = {D6C0FD09-C775-4DBA-9BD3-8770BD89BE99}
	EndGlobalSection
EndGlobal
